// !$*UTF8*$!
{
	archiveVersion = 1;
	classes = {
	};
	objectVersion = 50;
	objects = {

/* Begin PBXBuildFile section */
		0AF7A6D923F19043003D0F6B /* AppDelegate.swift in Sources */ = {isa = PBXBuildFile; fileRef = 0AF7A6D823F19043003D0F6B /* AppDelegate.swift */; };
		0AF7A6DB23F19043003D0F6B /* SceneDelegate.swift in Sources */ = {isa = PBXBuildFile; fileRef = 0AF7A6DA23F19043003D0F6B /* SceneDelegate.swift */; };
		0AF7A6DD23F19043003D0F6B /* ContentView.swift in Sources */ = {isa = PBXBuildFile; fileRef = 0AF7A6DC23F19043003D0F6B /* ContentView.swift */; };
		0AF7A6DF23F19045003D0F6B /* Assets.xcassets in Resources */ = {isa = PBXBuildFile; fileRef = 0AF7A6DE23F19045003D0F6B /* Assets.xcassets */; };
		0AF7A6E223F19045003D0F6B /* Preview Assets.xcassets in Resources */ = {isa = PBXBuildFile; fileRef = 0AF7A6E123F19045003D0F6B /* Preview Assets.xcassets */; };
		0AF7A6E523F19045003D0F6B /* LaunchScreen.storyboard in Resources */ = {isa = PBXBuildFile; fileRef = 0AF7A6E323F19045003D0F6B /* LaunchScreen.storyboard */; };
		0AF7A6F023F19046003D0F6B /* WeSplitTests.swift in Sources */ = {isa = PBXBuildFile; fileRef = 0AF7A6EF23F19046003D0F6B /* WeSplitTests.swift */; };
		0AF7A6FB23F19046003D0F6B /* WeSplitUITests.swift in Sources */ = {isa = PBXBuildFile; fileRef = 0AF7A6FA23F19046003D0F6B /* WeSplitUITests.swift */; };
/* End PBXBuildFile section */

/* Begin PBXContainerItemProxy section */
		0AF7A6EC23F19046003D0F6B /* PBXContainerItemProxy */ = {
			isa = PBXContainerItemProxy;
			containerPortal = 0AF7A6CD23F19043003D0F6B /* Project object */;
			proxyType = 1;
			remoteGlobalIDString = 0AF7A6D423F19043003D0F6B;
			remoteInfo = WeSplit;
		};
		0AF7A6F723F19046003D0F6B /* PBXContainerItemProxy */ = {
			isa = PBXContainerItemProxy;
			containerPortal = 0AF7A6CD23F19043003D0F6B /* Project object */;
			proxyType = 1;
			remoteGlobalIDString = 0AF7A6D423F19043003D0F6B;
			remoteInfo = WeSplit;
		};
/* End PBXContainerItemProxy section */

/* Begin PBXFileReference section */
		0AF7A6D523F19043003D0F6B /* WeSplit.app */ = {isa = PBXFileReference; explicitFileType = wrapper.application; includeInIndex = 0; path = WeSplit.app; sourceTree = BUILT_PRODUCTS_DIR; };
		0AF7A6D823F19043003D0F6B /* AppDelegate.swift */ = {isa = PBXFileReference; lastKnownFileType = sourcecode.swift; path = AppDelegate.swift; sourceTree = "<group>"; };
		0AF7A6DA23F19043003D0F6B /* SceneDelegate.swift */ = {isa = PBXFileReference; lastKnownFileType = sourcecode.swift; path = SceneDelegate.swift; sourceTree = "<group>"; };
		0AF7A6DC23F19043003D0F6B /* ContentView.swift */ = {isa = PBXFileReference; lastKnownFileType = sourcecode.swift; path = ContentView.swift; sourceTree = "<group>"; };
		0AF7A6DE23F19045003D0F6B /* Assets.xcassets */ = {isa = PBXFileReference; lastKnownFileType = folder.assetcatalog; path = Assets.xcassets; sourceTree = "<group>"; };
		0AF7A6E123F19045003D0F6B /* Preview Assets.xcassets */ = {isa = PBXFileReference; lastKnownFileType = folder.assetcatalog; path = "Preview Assets.xcassets"; sourceTree = "<group>"; };
		0AF7A6E423F19045003D0F6B /* Base */ = {isa = PBXFileReference; lastKnownFileType = file.storyboard; name = Base; path = Base.lproj/LaunchScreen.storyboard; sourceTree = "<group>"; };
		0AF7A6E623F19045003D0F6B /* Info.plist */ = {isa = PBXFileReference; lastKnownFileType = text.plist.xml; path = Info.plist; sourceTree = "<group>"; };
		0AF7A6EB23F19046003D0F6B /* WeSplitTests.xctest */ = {isa = PBXFileReference; explicitFileType = wrapper.cfbundle; includeInIndex = 0; path = WeSplitTests.xctest; sourceTree = BUILT_PRODUCTS_DIR; };
		0AF7A6EF23F19046003D0F6B /* WeSplitTests.swift */ = {isa = PBXFileReference; lastKnownFileType = sourcecode.swift; path = WeSplitTests.swift; sourceTree = "<group>"; };
		0AF7A6F123F19046003D0F6B /* Info.plist */ = {isa = PBXFileReference; lastKnownFileType = text.plist.xml; path = Info.plist; sourceTree = "<group>"; };
		0AF7A6F623F19046003D0F6B /* WeSplitUITests.xctest */ = {isa = PBXFileReference; explicitFileType = wrapper.cfbundle; includeInIndex = 0; path = WeSplitUITests.xctest; sourceTree = BUILT_PRODUCTS_DIR; };
		0AF7A6FA23F19046003D0F6B /* WeSplitUITests.swift */ = {isa = PBXFileReference; lastKnownFileType = sourcecode.swift; path = WeSplitUITests.swift; sourceTree = "<group>"; };
		0AF7A6FC23F19046003D0F6B /* Info.plist */ = {isa = PBXFileReference; lastKnownFileType = text.plist.xml; path = Info.plist; sourceTree = "<group>"; };
/* End PBXFileReference section */

/* Begin PBXFrameworksBuildPhase section */
		0AF7A6D223F19043003D0F6B /* Frameworks */ = {
			isa = PBXFrameworksBuildPhase;
			buildActionMask = 2147483647;
			files = (
			);
			runOnlyForDeploymentPostprocessing = 0;
		};
		0AF7A6E823F19046003D0F6B /* Frameworks */ = {
			isa = PBXFrameworksBuildPhase;
			buildActionMask = 2147483647;
			files = (
			);
			runOnlyForDeploymentPostprocessing = 0;
		};
		0AF7A6F323F19046003D0F6B /* Frameworks */ = {
			isa = PBXFrameworksBuildPhase;
			buildActionMask = 2147483647;
			files = (
			);
			runOnlyForDeploymentPostprocessing = 0;
		};
/* End PBXFrameworksBuildPhase section */

/* Begin PBXGroup section */
		0AF7A6CC23F19043003D0F6B = {
			isa = PBXGroup;
			children = (
				0AF7A6D723F19043003D0F6B /* WeSplit */,
				0AF7A6EE23F19046003D0F6B /* WeSplitTests */,
				0AF7A6F923F19046003D0F6B /* WeSplitUITests */,
				0AF7A6D623F19043003D0F6B /* Products */,
			);
			sourceTree = "<group>";
		};
		0AF7A6D623F19043003D0F6B /* Products */ = {
			isa = PBXGroup;
			children = (
				0AF7A6D523F19043003D0F6B /* WeSplit.app */,
				0AF7A6EB23F19046003D0F6B /* WeSplitTests.xctest */,
				0AF7A6F623F19046003D0F6B /* WeSplitUITests.xctest */,
			);
			name = Products;
			sourceTree = "<group>";
		};
		0AF7A6D723F19043003D0F6B /* WeSplit */ = {
			isa = PBXGroup;
			children = (
				0AF7A6D823F19043003D0F6B /* AppDelegate.swift */,
				0AF7A6DA23F19043003D0F6B /* SceneDelegate.swift */,
				0AF7A6DC23F19043003D0F6B /* ContentView.swift */,
				0AF7A6DE23F19045003D0F6B /* Assets.xcassets */,
				0AF7A6E323F19045003D0F6B /* LaunchScreen.storyboard */,
				0AF7A6E623F19045003D0F6B /* Info.plist */,
				0AF7A6E023F19045003D0F6B /* Preview Content */,
			);
			path = WeSplit;
			sourceTree = "<group>";
		};
		0AF7A6E023F19045003D0F6B /* Preview Content */ = {
			isa = PBXGroup;
			children = (
				0AF7A6E123F19045003D0F6B /* Preview Assets.xcassets */,
			);
			path = "Preview Content";
			sourceTree = "<group>";
		};
		0AF7A6EE23F19046003D0F6B /* WeSplitTests */ = {
			isa = PBXGroup;
			children = (
				0AF7A6EF23F19046003D0F6B /* WeSplitTests.swift */,
				0AF7A6F123F19046003D0F6B /* Info.plist */,
			);
			path = WeSplitTests;
			sourceTree = "<group>";
		};
		0AF7A6F923F19046003D0F6B /* WeSplitUITests */ = {
			isa = PBXGroup;
			children = (
				0AF7A6FA23F19046003D0F6B /* WeSplitUITests.swift */,
				0AF7A6FC23F19046003D0F6B /* Info.plist */,
			);
			path = WeSplitUITests;
			sourceTree = "<group>";
		};
/* End PBXGroup section */

/* Begin PBXNativeTarget section */
		0AF7A6D423F19043003D0F6B /* WeSplit */ = {
			isa = PBXNativeTarget;
			buildConfigurationList = 0AF7A6FF23F19046003D0F6B /* Build configuration list for PBXNativeTarget "WeSplit" */;
			buildPhases = (
				0AF7A6D123F19043003D0F6B /* Sources */,
				0AF7A6D223F19043003D0F6B /* Frameworks */,
				0AF7A6D323F19043003D0F6B /* Resources */,
			);
			buildRules = (
			);
			dependencies = (
			);
			name = WeSplit;
			productName = WeSplit;
			productReference = 0AF7A6D523F19043003D0F6B /* WeSplit.app */;
			productType = "com.apple.product-type.application";
		};
		0AF7A6EA23F19046003D0F6B /* WeSplitTests */ = {
			isa = PBXNativeTarget;
			buildConfigurationList = 0AF7A70223F19046003D0F6B /* Build configuration list for PBXNativeTarget "WeSplitTests" */;
			buildPhases = (
				0AF7A6E723F19046003D0F6B /* Sources */,
				0AF7A6E823F19046003D0F6B /* Frameworks */,
				0AF7A6E923F19046003D0F6B /* Resources */,
			);
			buildRules = (
			);
			dependencies = (
				0AF7A6ED23F19046003D0F6B /* PBXTargetDependency */,
			);
			name = WeSplitTests;
			productName = WeSplitTests;
			productReference = 0AF7A6EB23F19046003D0F6B /* WeSplitTests.xctest */;
			productType = "com.apple.product-type.bundle.unit-test";
		};
		0AF7A6F523F19046003D0F6B /* WeSplitUITests */ = {
			isa = PBXNativeTarget;
			buildConfigurationList = 0AF7A70523F19046003D0F6B /* Build configuration list for PBXNativeTarget "WeSplitUITests" */;
			buildPhases = (
				0AF7A6F223F19046003D0F6B /* Sources */,
				0AF7A6F323F19046003D0F6B /* Frameworks */,
				0AF7A6F423F19046003D0F6B /* Resources */,
			);
			buildRules = (
			);
			dependencies = (
				0AF7A6F823F19046003D0F6B /* PBXTargetDependency */,
			);
			name = WeSplitUITests;
			productName = WeSplitUITests;
			productReference = 0AF7A6F623F19046003D0F6B /* WeSplitUITests.xctest */;
			productType = "com.apple.product-type.bundle.ui-testing";
		};
/* End PBXNativeTarget section */

/* Begin PBXProject section */
		0AF7A6CD23F19043003D0F6B /* Project object */ = {
			isa = PBXProject;
			attributes = {
				LastSwiftUpdateCheck = 1130;
				LastUpgradeCheck = 1130;
				ORGANIZATIONNAME = "Mark Chen";
				TargetAttributes = {
					0AF7A6D423F19043003D0F6B = {
						CreatedOnToolsVersion = 11.3.1;
					};
					0AF7A6EA23F19046003D0F6B = {
						CreatedOnToolsVersion = 11.3.1;
						TestTargetID = 0AF7A6D423F19043003D0F6B;
					};
					0AF7A6F523F19046003D0F6B = {
						CreatedOnToolsVersion = 11.3.1;
						TestTargetID = 0AF7A6D423F19043003D0F6B;
					};
				};
			};
			buildConfigurationList = 0AF7A6D023F19043003D0F6B /* Build configuration list for PBXProject "WeSplit" */;
			compatibilityVersion = "Xcode 9.3";
			developmentRegion = en;
			hasScannedForEncodings = 0;
			knownRegions = (
				en,
				Base,
			);
			mainGroup = 0AF7A6CC23F19043003D0F6B;
			productRefGroup = 0AF7A6D623F19043003D0F6B /* Products */;
			projectDirPath = "";
			projectRoot = "";
			targets = (
				0AF7A6D423F19043003D0F6B /* WeSplit */,
				0AF7A6EA23F19046003D0F6B /* WeSplitTests */,
				0AF7A6F523F19046003D0F6B /* WeSplitUITests */,
			);
		};
/* End PBXProject section */

/* Begin PBXResourcesBuildPhase section */
		0AF7A6D323F19043003D0F6B /* Resources */ = {
			isa = PBXResourcesBuildPhase;
			buildActionMask = 2147483647;
			files = (
				0AF7A6E523F19045003D0F6B /* LaunchScreen.storyboard in Resources */,
				0AF7A6E223F19045003D0F6B /* Preview Assets.xcassets in Resources */,
				0AF7A6DF23F19045003D0F6B /* Assets.xcassets in Resources */,
			);
			runOnlyForDeploymentPostprocessing = 0;
		};
		0AF7A6E923F19046003D0F6B /* Resources */ = {
			isa = PBXResourcesBuildPhase;
			buildActionMask = 2147483647;
			files = (
			);
			runOnlyForDeploymentPostprocessing = 0;
		};
		0AF7A6F423F19046003D0F6B /* Resources */ = {
			isa = PBXResourcesBuildPhase;
			buildActionMask = 2147483647;
			files = (
			);
			runOnlyForDeploymentPostprocessing = 0;
		};
/* End PBXResourcesBuildPhase section */

/* Begin PBXSourcesBuildPhase section */
		0AF7A6D123F19043003D0F6B /* Sources */ = {
			isa = PBXSourcesBuildPhase;
			buildActionMask = 2147483647;
			files = (
				0AF7A6D923F19043003D0F6B /* AppDelegate.swift in Sources */,
				0AF7A6DB23F19043003D0F6B /* SceneDelegate.swift in Sources */,
				0AF7A6DD23F19043003D0F6B /* ContentView.swift in Sources */,
			);
			runOnlyForDeploymentPostprocessing = 0;
		};
		0AF7A6E723F19046003D0F6B /* Sources */ = {
			isa = PBXSourcesBuildPhase;
			buildActionMask = 2147483647;
			files = (
				0AF7A6F023F19046003D0F6B /* WeSplitTests.swift in Sources */,
			);
			runOnlyForDeploymentPostprocessing = 0;
		};
		0AF7A6F223F19046003D0F6B /* Sources */ = {
			isa = PBXSourcesBuildPhase;
			buildActionMask = 2147483647;
			files = (
				0AF7A6FB23F19046003D0F6B /* WeSplitUITests.swift in Sources */,
			);
			runOnlyForDeploymentPostprocessing = 0;
		};
/* End PBXSourcesBuildPhase section */

/* Begin PBXTargetDependency section */
		0AF7A6ED23F19046003D0F6B /* PBXTargetDependency */ = {
			isa = PBXTargetDependency;
			target = 0AF7A6D423F19043003D0F6B /* WeSplit */;
			targetProxy = 0AF7A6EC23F19046003D0F6B /* PBXContainerItemProxy */;
		};
		0AF7A6F823F19046003D0F6B /* PBXTargetDependency */ = {
			isa = PBXTargetDependency;
			target = 0AF7A6D423F19043003D0F6B /* WeSplit */;
			targetProxy = 0AF7A6F723F19046003D0F6B /* PBXContainerItemProxy */;
		};
/* End PBXTargetDependency section */

/* Begin PBXVariantGroup section */
		0AF7A6E323F19045003D0F6B /* LaunchScreen.storyboard */ = {
			isa = PBXVariantGroup;
			children = (
				0AF7A6E423F19045003D0F6B /* Base */,
			);
			name = LaunchScreen.storyboard;
			sourceTree = "<group>";
		};
/* End PBXVariantGroup section */

/* Begin XCBuildConfiguration section */
		0AF7A6FD23F19046003D0F6B /* Debug */ = {
			isa = XCBuildConfiguration;
			buildSettings = {
				ALWAYS_SEARCH_USER_PATHS = NO;
				CLANG_ANALYZER_NONNULL = YES;
				CLANG_ANALYZER_NUMBER_OBJECT_CONVERSION = YES_AGGRESSIVE;
				CLANG_CXX_LANGUAGE_STANDARD = "gnu++14";
				CLANG_CXX_LIBRARY = "libc++";
				CLANG_ENABLE_MODULES = YES;
				CLANG_ENABLE_OBJC_ARC = YES;
				CLANG_ENABLE_OBJC_WEAK = YES;
				CLANG_WARN_BLOCK_CAPTURE_AUTORELEASING = YES;
				CLANG_WARN_BOOL_CONVERSION = YES;
				CLANG_WARN_COMMA = YES;
				CLANG_WARN_CONSTANT_CONVERSION = YES;
				CLANG_WARN_DEPRECATED_OBJC_IMPLEMENTATIONS = YES;
				CLANG_WARN_DIRECT_OBJC_ISA_USAGE = YES_ERROR;
				CLANG_WARN_DOCUMENTATION_COMMENTS = YES;
				CLANG_WARN_EMPTY_BODY = YES;
				CLANG_WARN_ENUM_CONVERSION = YES;
				CLANG_WARN_INFINITE_RECURSION = YES;
				CLANG_WARN_INT_CONVERSION = YES;
				CLANG_WARN_NON_LITERAL_NULL_CONVERSION = YES;
				CLANG_WARN_OBJC_IMPLICIT_RETAIN_SELF = YES;
				CLANG_WARN_OBJC_LITERAL_CONVERSION = YES;
				CLANG_WARN_OBJC_ROOT_CLASS = YES_ERROR;
				CLANG_WARN_RANGE_LOOP_ANALYSIS = YES;
				CLANG_WARN_STRICT_PROTOTYPES = YES;
				CLANG_WARN_SUSPICIOUS_MOVE = YES;
				CLANG_WARN_UNGUARDED_AVAILABILITY = YES_AGGRESSIVE;
				CLANG_WARN_UNREACHABLE_CODE = YES;
				CLANG_WARN__DUPLICATE_METHOD_MATCH = YES;
				COPY_PHASE_STRIP = NO;
				DEBUG_INFORMATION_FORMAT = dwarf;
				ENABLE_STRICT_OBJC_MSGSEND = YES;
				ENABLE_TESTABILITY = YES;
				GCC_C_LANGUAGE_STANDARD = gnu11;
				GCC_DYNAMIC_NO_PIC = NO;
				GCC_NO_COMMON_BLOCKS = YES;
				GCC_OPTIMIZATION_LEVEL = 0;
				GCC_PREPROCESSOR_DEFINITIONS = (
					"DEBUG=1",
					"$(inherited)",
				);
				GCC_WARN_64_TO_32_BIT_CONVERSION = YES;
				GCC_WARN_ABOUT_RETURN_TYPE = YES_ERROR;
				GCC_WARN_UNDECLARED_SELECTOR = YES;
				GCC_WARN_UNINITIALIZED_AUTOS = YES_AGGRESSIVE;
				GCC_WARN_UNUSED_FUNCTION = YES;
				GCC_WARN_UNUSED_VARIABLE = YES;
				IPHONEOS_DEPLOYMENT_TARGET = 13.2;
				MTL_ENABLE_DEBUG_INFO = INCLUDE_SOURCE;
				MTL_FAST_MATH = YES;
				ONLY_ACTIVE_ARCH = YES;
				SDKROOT = iphoneos;
				SWIFT_ACTIVE_COMPILATION_CONDITIONS = DEBUG;
				SWIFT_OPTIMIZATION_LEVEL = "-Onone";
			};
			name = Debug;
		};
		0AF7A6FE23F19046003D0F6B /* Release */ = {
			isa = XCBuildConfiguration;
			buildSettings = {
				ALWAYS_SEARCH_USER_PATHS = NO;
				CLANG_ANALYZER_NONNULL = YES;
				CLANG_ANALYZER_NUMBER_OBJECT_CONVERSION = YES_AGGRESSIVE;
				CLANG_CXX_LANGUAGE_STANDARD = "gnu++14";
				CLANG_CXX_LIBRARY = "libc++";
				CLANG_ENABLE_MODULES = YES;
				CLANG_ENABLE_OBJC_ARC = YES;
				CLANG_ENABLE_OBJC_WEAK = YES;
				CLANG_WARN_BLOCK_CAPTURE_AUTORELEASING = YES;
				CLANG_WARN_BOOL_CONVERSION = YES;
				CLANG_WARN_COMMA = YES;
				CLANG_WARN_CONSTANT_CONVERSION = YES;
				CLANG_WARN_DEPRECATED_OBJC_IMPLEMENTATIONS = YES;
				CLANG_WARN_DIRECT_OBJC_ISA_USAGE = YES_ERROR;
				CLANG_WARN_DOCUMENTATION_COMMENTS = YES;
				CLANG_WARN_EMPTY_BODY = YES;
				CLANG_WARN_ENUM_CONVERSION = YES;
				CLANG_WARN_INFINITE_RECURSION = YES;
				CLANG_WARN_INT_CONVERSION = YES;
				CLANG_WARN_NON_LITERAL_NULL_CONVERSION = YES;
				CLANG_WARN_OBJC_IMPLICIT_RETAIN_SELF = YES;
				CLANG_WARN_OBJC_LITERAL_CONVERSION = YES;
				CLANG_WARN_OBJC_ROOT_CLASS = YES_ERROR;
				CLANG_WARN_RANGE_LOOP_ANALYSIS = YES;
				CLANG_WARN_STRICT_PROTOTYPES = YES;
				CLANG_WARN_SUSPICIOUS_MOVE = YES;
				CLANG_WARN_UNGUARDED_AVAILABILITY = YES_AGGRESSIVE;
				CLANG_WARN_UNREACHABLE_CODE = YES;
				CLANG_WARN__DUPLICATE_METHOD_MATCH = YES;
				COPY_PHASE_STRIP = NO;
				DEBUG_INFORMATION_FORMAT = "dwarf-with-dsym";
				ENABLE_NS_ASSERTIONS = NO;
				ENABLE_STRICT_OBJC_MSGSEND = YES;
				GCC_C_LANGUAGE_STANDARD = gnu11;
				GCC_NO_COMMON_BLOCKS = YES;
				GCC_WARN_64_TO_32_BIT_CONVERSION = YES;
				GCC_WARN_ABOUT_RETURN_TYPE = YES_ERROR;
				GCC_WARN_UNDECLARED_SELECTOR = YES;
				GCC_WARN_UNINITIALIZED_AUTOS = YES_AGGRESSIVE;
				GCC_WARN_UNUSED_FUNCTION = YES;
				GCC_WARN_UNUSED_VARIABLE = YES;
				IPHONEOS_DEPLOYMENT_TARGET = 13.2;
				MTL_ENABLE_DEBUG_INFO = NO;
				MTL_FAST_MATH = YES;
				SDKROOT = iphoneos;
				SWIFT_COMPILATION_MODE = wholemodule;
				SWIFT_OPTIMIZATION_LEVEL = "-O";
				VALIDATE_PRODUCT = YES;
			};
			name = Release;
		};
		0AF7A70023F19046003D0F6B /* Debug */ = {
			isa = XCBuildConfiguration;
			buildSettings = {
				ASSETCATALOG_COMPILER_APPICON_NAME = AppIcon;
				CODE_SIGN_STYLE = Automatic;
				DEVELOPMENT_ASSET_PATHS = "\"WeSplit/Preview Content\"";
				ENABLE_PREVIEWS = YES;
				INFOPLIST_FILE = WeSplit/Info.plist;
				LD_RUNPATH_SEARCH_PATHS = (
					"$(inherited)",
					"@executable_path/Frameworks",
				);
				PRODUCT_BUNDLE_IDENTIFIER = com.MarkStudio.WeSplit;
				PRODUCT_NAME = "$(TARGET_NAME)";
				SWIFT_VERSION = 5.0;
				TARGETED_DEVICE_FAMILY = "1,2";
			};
			name = Debug;
		};
		0AF7A70123F19046003D0F6B /* Release */ = {
			isa = XCBuildConfiguration;
			buildSettings = {
				ASSETCATALOG_COMPILER_APPICON_NAME = AppIcon;
				CODE_SIGN_STYLE = Automatic;
				DEVELOPMENT_ASSET_PATHS = "\"WeSplit/Preview Content\"";
				ENABLE_PREVIEWS = YES;
				INFOPLIST_FILE = WeSplit/Info.plist;
				LD_RUNPATH_SEARCH_PATHS = (
					"$(inherited)",
					"@executable_path/Frameworks",
				);
				PRODUCT_BUNDLE_IDENTIFIER = com.MarkStudio.WeSplit;
				PRODUCT_NAME = "$(TARGET_NAME)";
				SWIFT_VERSION = 5.0;
				TARGETED_DEVICE_FAMILY = "1,2";
			};
			name = Release;
		};
		0AF7A70323F19046003D0F6B /* Debug */ = {
			isa = XCBuildConfiguration;
			buildSettings = {
				ALWAYS_EMBED_SWIFT_STANDARD_LIBRARIES = YES;
				BUNDLE_LOADER = "$(TEST_HOST)";
				CODE_SIGN_STYLE = Automatic;
				INFOPLIST_FILE = WeSplitTests/Info.plist;
				IPHONEOS_DEPLOYMENT_TARGET = 13.2;
				LD_RUNPATH_SEARCH_PATHS = (
					"$(inherited)",
					"@executable_path/Frameworks",
					"@loader_path/Frameworks",
				);
				PRODUCT_BUNDLE_IDENTIFIER = com.MarkStudio.WeSplitTests;
				PRODUCT_NAME = "$(TARGET_NAME)";
				SWIFT_VERSION = 5.0;
				TARGETED_DEVICE_FAMILY = "1,2";
				TEST_HOST = "$(BUILT_PRODUCTS_DIR)/WeSplit.app/WeSplit";
			};
			name = Debug;
		};
		0AF7A70423F19046003D0F6B /* Release */ = {
			isa = XCBuildConfiguration;
			buildSettings = {
				ALWAYS_EMBED_SWIFT_STANDARD_LIBRARIES = YES;
				BUNDLE_LOADER = "$(TEST_HOST)";
				CODE_SIGN_STYLE = Automatic;
				INFOPLIST_FILE = WeSplitTests/Info.plist;
				IPHONEOS_DEPLOYMENT_TARGET = 13.2;
				LD_RUNPATH_SEARCH_PATHS = (
					"$(inherited)",
					"@executable_path/Frameworks",
					"@loader_path/Frameworks",
				);
				PRODUCT_BUNDLE_IDENTIFIER = com.MarkStudio.WeSplitTests;
				PRODUCT_NAME = "$(TARGET_NAME)";
				SWIFT_VERSION = 5.0;
				TARGETED_DEVICE_FAMILY = "1,2";
				TEST_HOST = "$(BUILT_PRODUCTS_DIR)/WeSplit.app/WeSplit";
			};
			name = Release;
		};
		0AF7A70623F19046003D0F6B /* Debug */ = {
			isa = XCBuildConfiguration;
			buildSettings = {
				ALWAYS_EMBED_SWIFT_STANDARD_LIBRARIES = YES;
				CODE_SIGN_STYLE = Automatic;
				INFOPLIST_FILE = WeSplitUITests/Info.plist;
				LD_RUNPATH_SEARCH_PATHS = (
					"$(inherited)",
					"@executable_path/Frameworks",
					"@loader_path/Frameworks",
				);
				PRODUCT_BUNDLE_IDENTIFIER = com.MarkStudio.WeSplitUITests;
				PRODUCT_NAME = "$(TARGET_NAME)";
				SWIFT_VERSION = 5.0;
				TARGETED_DEVICE_FAMILY = "1,2";
				TEST_TARGET_NAME = WeSplit;
			};
			name = Debug;
		};
		0AF7A70723F19046003D0F6B /* Release */ = {
			isa = XCBuildConfiguration;
			buildSettings = {
				ALWAYS_EMBED_SWIFT_STANDARD_LIBRARIES = YES;
				CODE_SIGN_STYLE = Automatic;
				INFOPLIST_FILE = WeSplitUITests/Info.plist;
				LD_RUNPATH_SEARCH_PATHS = (
					"$(inherited)",
					"@executable_path/Frameworks",
					"@loader_path/Frameworks",
				);
				PRODUCT_BUNDLE_IDENTIFIER = com.MarkStudio.WeSplitUITests;
				PRODUCT_NAME = "$(TARGET_NAME)";
				SWIFT_VERSION = 5.0;
				TARGETED_DEVICE_FAMILY = "1,2";
				TEST_TARGET_NAME = WeSplit;
			};
			name = Release;
		};
/* End XCBuildConfiguration section */

/* Begin XCConfigurationList section */
		0AF7A6D023F19043003D0F6B /* Build configuration list for PBXProject "WeSplit" */ = {
			isa = XCConfigurationList;
			buildConfigurations = (
				0AF7A6FD23F19046003D0F6B /* Debug */,
				0AF7A6FE23F19046003D0F6B /* Release */,
			);
			defaultConfigurationIsVisible = 0;
			defaultConfigurationName = Release;
		};
		0AF7A6FF23F19046003D0F6B /* Build configuration list for PBXNativeTarget "WeSplit" */ = {
			isa = XCConfigurationList;
			buildConfigurations = (
				0AF7A70023F19046003D0F6B /* Debug */,
				0AF7A70123F19046003D0F6B /* Release */,
			);
			defaultConfigurationIsVisible = 0;
			defaultConfigurationName = Release;
		};
		0AF7A70223F19046003D0F6B /* Build configuration list for PBXNativeTarget "WeSplitTests" */ = {
			isa = XCConfigurationList;
			buildConfigurations = (
				0AF7A70323F19046003D0F6B /* Debug */,
				0AF7A70423F19046003D0F6B /* Release */,
			);
			defaultConfigurationIsVisible = 0;
			defaultConfigurationName = Release;
		};
		0AF7A70523F19046003D0F6B /* Build configuration list for PBXNativeTarget "WeSplitUITests" */ = {
			isa = XCConfigurationList;
			buildConfigurations = (
				0AF7A70623F19046003D0F6B /* Debug */,
				0AF7A70723F19046003D0F6B /* Release */,
			);
			defaultConfigurationIsVisible = 0;
			defaultConfigurationName = Release;
		};
/* End XCConfigurationList section */
	};
	rootObject = 0AF7A6CD23F19043003D0F6B /* Project object */;
}
